
Microsoft Visual Studio Solution File, Format Version 12.00
# Visual Studio Version 17
VisualStudioVersion = 17.11.35312.102
MinimumVisualStudioVersion = 10.0.40219.1
Project("{9A19103F-16F7-4668-BE54-9A1E7A4F7556}") = "Ascon_task3", "Ascon_task3.csproj", "{9848219F-BA15-4120-9D4E-B50D246EA29C}"
EndProject
Global
	GlobalSection(SolutionConfigurationPlatforms) = preSolution
		Debug|Any CPU = Debug|Any CPU
		Release|Any CPU = Release|Any CPU
	EndGlobalSection
	GlobalSection(ProjectConfigurationPlatforms) = postSolution
		{9848219F-BA15-4120-9D4E-B50D246EA29C}.Debug|Any CPU.ActiveCfg = Debug|Any CPU
		{9848219F-BA15-4120-9D4E-B50D246EA29C}.Debug|Any CPU.Build.0 = Debug|Any CPU
		{9848219F-BA15-4120-9D4E-B50D246EA29C}.Release|Any CPU.ActiveCfg = Release|Any CPU
		{9848219F-BA15-4120-9D4E-B50D246EA29C}.Release|Any CPU.Build.0 = Release|Any CPU
	EndGlobalSection
	GlobalSection(SolutionProperties) = preSolution
		HideSolutionNode = FALSE
	EndGlobalSection
	GlobalSection(ExtensibilityGlobals) = postSolution
		SolutionGuid = {D8776B9F-8103-4D02-8D4F-F0360C1F531A}
	EndGlobalSection
EndGlobal
