
Microsoft Visual Studio Solution File, Format Version 12.00
# Visual Studio Version 17
VisualStudioVersion = 17.11.35312.102
MinimumVisualStudioVersion = 10.0.40219.1
Project("{FAE04EC0-301F-11D3-BF4B-00C04F79EFBC}") = "Task3", "Task3.csproj", "{A886F4A2-91D7-40D1-8752-0A1B48125E83}"
EndProject
Global
	GlobalSection(SolutionConfigurationPlatforms) = preSolution
		Debug|Any CPU = Debug|Any CPU
		Release|Any CPU = Release|Any CPU
	EndGlobalSection
	GlobalSection(ProjectConfigurationPlatforms) = postSolution
		{A886F4A2-91D7-40D1-8752-0A1B48125E83}.Debug|Any CPU.ActiveCfg = Debug|Any CPU
		{A886F4A2-91D7-40D1-8752-0A1B48125E83}.Debug|Any CPU.Build.0 = Debug|Any CPU
		{A886F4A2-91D7-40D1-8752-0A1B48125E83}.Release|Any CPU.ActiveCfg = Release|Any CPU
		{A886F4A2-91D7-40D1-8752-0A1B48125E83}.Release|Any CPU.Build.0 = Release|Any CPU
	EndGlobalSection
	GlobalSection(SolutionProperties) = preSolution
		HideSolutionNode = FALSE
	EndGlobalSection
	GlobalSection(ExtensibilityGlobals) = postSolution
		SolutionGuid = {B6F50701-3AEE-4670-AD90-E4E3A1E28928}
	EndGlobalSection
EndGlobal
